
Microsoft Visual Studio Solution File, Format Version 12.00
# Visual Studio Version 17
VisualStudioVersion = 17.8.34330.188
MinimumVisualStudioVersion = 10.0.40219.1
Project("{9A19103F-16F7-4668-BE54-9A1E7A4F7556}") = "SistemaGestion", "SistemaGestion\SistemaGestion.csproj", "{9AA15F0F-C2B0-48D3-BD84-54544EB4A62A}"
EndProject
Project("{9A19103F-16F7-4668-BE54-9A1E7A4F7556}") = "SistemaGestionEntities", "SistemaGestionEntities\SistemaGestionEntities.csproj", "{148890EC-55F6-4B5E-8CF0-23101B6CB752}"
EndProject
Project("{9A19103F-16F7-4668-BE54-9A1E7A4F7556}") = "SistemaGestionData", "SistemaGestionData\SistemaGestionData.csproj", "{5095B063-E3B4-40F0-8F82-70C2719795A7}"
EndProject
Project("{9A19103F-16F7-4668-BE54-9A1E7A4F7556}") = "SistemaGestionBussiness", "SistemaGestionBussiness\SistemaGestionBussiness.csproj", "{FFAF9E8A-4750-4D90-A15A-1784252A2DB9}"
	ProjectSection(ProjectDependencies) = postProject
		{148890EC-55F6-4B5E-8CF0-23101B6CB752} = {148890EC-55F6-4B5E-8CF0-23101B6CB752}
		{5095B063-E3B4-40F0-8F82-70C2719795A7} = {5095B063-E3B4-40F0-8F82-70C2719795A7}
	EndProjectSection
EndProject
Project("{9A19103F-16F7-4668-BE54-9A1E7A4F7556}") = "SistemaGestionControllers", "SistemaGestionControllers\SistemaGestionControllers.csproj", "{E880B28D-8AF7-4704-B285-C188AAC782DD}"
	ProjectSection(ProjectDependencies) = postProject
		{FFAF9E8A-4750-4D90-A15A-1784252A2DB9} = {FFAF9E8A-4750-4D90-A15A-1784252A2DB9}
	EndProjectSection
EndProject
Global
	GlobalSection(SolutionConfigurationPlatforms) = preSolution
		Debug|Any CPU = Debug|Any CPU
		Release|Any CPU = Release|Any CPU
	EndGlobalSection
	GlobalSection(ProjectConfigurationPlatforms) = postSolution
		{9AA15F0F-C2B0-48D3-BD84-54544EB4A62A}.Debug|Any CPU.ActiveCfg = Debug|Any CPU
		{9AA15F0F-C2B0-48D3-BD84-54544EB4A62A}.Debug|Any CPU.Build.0 = Debug|Any CPU
		{9AA15F0F-C2B0-48D3-BD84-54544EB4A62A}.Release|Any CPU.ActiveCfg = Release|Any CPU
		{9AA15F0F-C2B0-48D3-BD84-54544EB4A62A}.Release|Any CPU.Build.0 = Release|Any CPU
		{148890EC-55F6-4B5E-8CF0-23101B6CB752}.Debug|Any CPU.ActiveCfg = Debug|Any CPU
		{148890EC-55F6-4B5E-8CF0-23101B6CB752}.Debug|Any CPU.Build.0 = Debug|Any CPU
		{148890EC-55F6-4B5E-8CF0-23101B6CB752}.Release|Any CPU.ActiveCfg = Release|Any CPU
		{148890EC-55F6-4B5E-8CF0-23101B6CB752}.Release|Any CPU.Build.0 = Release|Any CPU
		{5095B063-E3B4-40F0-8F82-70C2719795A7}.Debug|Any CPU.ActiveCfg = Debug|Any CPU
		{5095B063-E3B4-40F0-8F82-70C2719795A7}.Debug|Any CPU.Build.0 = Debug|Any CPU
		{5095B063-E3B4-40F0-8F82-70C2719795A7}.Release|Any CPU.ActiveCfg = Release|Any CPU
		{5095B063-E3B4-40F0-8F82-70C2719795A7}.Release|Any CPU.Build.0 = Release|Any CPU
		{FFAF9E8A-4750-4D90-A15A-1784252A2DB9}.Debug|Any CPU.ActiveCfg = Debug|Any CPU
		{FFAF9E8A-4750-4D90-A15A-1784252A2DB9}.Debug|Any CPU.Build.0 = Debug|Any CPU
		{FFAF9E8A-4750-4D90-A15A-1784252A2DB9}.Release|Any CPU.ActiveCfg = Release|Any CPU
		{FFAF9E8A-4750-4D90-A15A-1784252A2DB9}.Release|Any CPU.Build.0 = Release|Any CPU
		{E880B28D-8AF7-4704-B285-C188AAC782DD}.Debug|Any CPU.ActiveCfg = Debug|Any CPU
		{E880B28D-8AF7-4704-B285-C188AAC782DD}.Debug|Any CPU.Build.0 = Debug|Any CPU
		{E880B28D-8AF7-4704-B285-C188AAC782DD}.Release|Any CPU.ActiveCfg = Release|Any CPU
		{E880B28D-8AF7-4704-B285-C188AAC782DD}.Release|Any CPU.Build.0 = Release|Any CPU
	EndGlobalSection
	GlobalSection(SolutionProperties) = preSolution
		HideSolutionNode = FALSE
	EndGlobalSection
	GlobalSection(ExtensibilityGlobals) = postSolution
		SolutionGuid = {5332A491-EF6F-46A9-8713-D2E71AC9D818}
	EndGlobalSection
EndGlobal
